
Microsoft Visual Studio Solution File, Format Version 12.00
# Visual Studio Version 17
VisualStudioVersion = 17.9.34616.47
MinimumVisualStudioVersion = 10.0.40219.1
Project("{9A19103F-16F7-4668-BE54-9A1E7A4F7556}") = "EntityFrameworkCore", "EntityFrameworkCore\EntityFrameworkCore.csproj", "{EF4A6470-7859-4807-B882-CC04805780A0}"
EndProject
Project("{9A19103F-16F7-4668-BE54-9A1E7A4F7556}") = "CodeFirst", "CodeFirst\CodeFirst.csproj", "{3FD1B968-39E3-4DF3-9697-B6B102EE6AE4}"
EndProject
Project("{9A19103F-16F7-4668-BE54-9A1E7A4F7556}") = "OnConfiguring", "OnConfiguring\OnConfiguring.csproj", "{394DA613-6188-475F-94FE-2202ED0CB3C0}"
EndProject
Project("{9A19103F-16F7-4668-BE54-9A1E7A4F7556}") = "VeriKaliciligi", "VeriKaliciligi\VeriKaliciligi.csproj", "{3AFF935D-E39B-431D-B236-C6F3E22C50B2}"
EndProject
Project("{9A19103F-16F7-4668-BE54-9A1E7A4F7556}") = "Querying", "Querying\Querying.csproj", "{75A1242D-B29F-4606-AC5E-5F887D055271}"
EndProject
Project("{9A19103F-16F7-4668-BE54-9A1E7A4F7556}") = "ChangeTracker", "ChangeTracker\ChangeTracker.csproj", "{A42DE086-52D7-40F4-9B53-DE8F87D7A628}"
EndProject
Project("{FAE04EC0-301F-11D3-BF4B-00C04F79EFBC}") = "StoredProcedure", "StoredProcedure\StoredProcedure.csproj", "{18F78BD3-8E55-4C83-85A8-34B46453E3E6}"
EndProject
Global
	GlobalSection(SolutionConfigurationPlatforms) = preSolution
		Debug|Any CPU = Debug|Any CPU
		Release|Any CPU = Release|Any CPU
	EndGlobalSection
	GlobalSection(ProjectConfigurationPlatforms) = postSolution
		{EF4A6470-7859-4807-B882-CC04805780A0}.Debug|Any CPU.ActiveCfg = Debug|Any CPU
		{EF4A6470-7859-4807-B882-CC04805780A0}.Debug|Any CPU.Build.0 = Debug|Any CPU
		{EF4A6470-7859-4807-B882-CC04805780A0}.Release|Any CPU.ActiveCfg = Release|Any CPU
		{EF4A6470-7859-4807-B882-CC04805780A0}.Release|Any CPU.Build.0 = Release|Any CPU
		{3FD1B968-39E3-4DF3-9697-B6B102EE6AE4}.Debug|Any CPU.ActiveCfg = Debug|Any CPU
		{3FD1B968-39E3-4DF3-9697-B6B102EE6AE4}.Debug|Any CPU.Build.0 = Debug|Any CPU
		{3FD1B968-39E3-4DF3-9697-B6B102EE6AE4}.Release|Any CPU.ActiveCfg = Release|Any CPU
		{3FD1B968-39E3-4DF3-9697-B6B102EE6AE4}.Release|Any CPU.Build.0 = Release|Any CPU
		{394DA613-6188-475F-94FE-2202ED0CB3C0}.Debug|Any CPU.ActiveCfg = Debug|Any CPU
		{394DA613-6188-475F-94FE-2202ED0CB3C0}.Debug|Any CPU.Build.0 = Debug|Any CPU
		{394DA613-6188-475F-94FE-2202ED0CB3C0}.Release|Any CPU.ActiveCfg = Release|Any CPU
		{394DA613-6188-475F-94FE-2202ED0CB3C0}.Release|Any CPU.Build.0 = Release|Any CPU
		{3AFF935D-E39B-431D-B236-C6F3E22C50B2}.Debug|Any CPU.ActiveCfg = Debug|Any CPU
		{3AFF935D-E39B-431D-B236-C6F3E22C50B2}.Debug|Any CPU.Build.0 = Debug|Any CPU
		{3AFF935D-E39B-431D-B236-C6F3E22C50B2}.Release|Any CPU.ActiveCfg = Release|Any CPU
		{3AFF935D-E39B-431D-B236-C6F3E22C50B2}.Release|Any CPU.Build.0 = Release|Any CPU
		{75A1242D-B29F-4606-AC5E-5F887D055271}.Debug|Any CPU.ActiveCfg = Debug|Any CPU
		{75A1242D-B29F-4606-AC5E-5F887D055271}.Debug|Any CPU.Build.0 = Debug|Any CPU
		{75A1242D-B29F-4606-AC5E-5F887D055271}.Release|Any CPU.ActiveCfg = Release|Any CPU
		{75A1242D-B29F-4606-AC5E-5F887D055271}.Release|Any CPU.Build.0 = Release|Any CPU
		{A42DE086-52D7-40F4-9B53-DE8F87D7A628}.Debug|Any CPU.ActiveCfg = Debug|Any CPU
		{A42DE086-52D7-40F4-9B53-DE8F87D7A628}.Debug|Any CPU.Build.0 = Debug|Any CPU
		{A42DE086-52D7-40F4-9B53-DE8F87D7A628}.Release|Any CPU.ActiveCfg = Release|Any CPU
		{A42DE086-52D7-40F4-9B53-DE8F87D7A628}.Release|Any CPU.Build.0 = Release|Any CPU
		{18F78BD3-8E55-4C83-85A8-34B46453E3E6}.Debug|Any CPU.ActiveCfg = Debug|Any CPU
		{18F78BD3-8E55-4C83-85A8-34B46453E3E6}.Debug|Any CPU.Build.0 = Debug|Any CPU
		{18F78BD3-8E55-4C83-85A8-34B46453E3E6}.Release|Any CPU.ActiveCfg = Release|Any CPU
		{18F78BD3-8E55-4C83-85A8-34B46453E3E6}.Release|Any CPU.Build.0 = Release|Any CPU
	EndGlobalSection
	GlobalSection(SolutionProperties) = preSolution
		HideSolutionNode = FALSE
	EndGlobalSection
	GlobalSection(ExtensibilityGlobals) = postSolution
		SolutionGuid = {A3EE902A-C0A5-42F2-B884-9B39F61EFC18}
	EndGlobalSection
EndGlobal
